# THIS IS AN AUTOGENERATED FILE. DO NOT EDIT THIS FILE DIRECTLY.
# yarn lockfile v1


cjs@^0.0.11:
  version "0.0.11"
  resolved "https://registry.yarnpkg.com/cjs/-/cjs-0.0.11.tgz#1fe528ebda8f9ee21f81a7f7b299a8d70b14a47c"
  integrity sha1-H+Uo69qPnuIfgaf3spmo1wsUpHw=
  dependencies:
    sync-channel "*"

sync-channel@*:
  version "0.0.6"
  resolved "https://registry.yarnpkg.com/sync-channel/-/sync-channel-0.0.6.tgz#0bad830d8f1f11b8ce612549e0d9637bb0652850"
  integrity sha1-C62DDY8fEbjOYSVJ4Nlje7BlKFA=
